{
  "name": "zxing-ngx-scanner",
  "version": "0.0.0",
  "lockfileVersion": 1,
  "requires": true,
  "dependencies": {
    "@zxing/library": {
      "version": "0.14.2",
      "resolved": "https://registry.npmjs.org/@zxing/library/-/library-0.14.2.tgz",
      "integrity": "sha512-n621ErZ7tba9/7GlU6LsfbDgx1fnjZNxblwKU5W4p8vHGIJ2X+/F9rAUyHq8PAUN3HkZaelhS58qhnbbVH8SBA==",
      "dev": true,
      "requires": {
        "text-encoding": "^0.7.0",
        "ts-custom-error": "^3.0.0"
      }
    },
    "@zxing/ngx-scanner": {
      "version": "1.7.2",
      "resolved": "https://registry.npmjs.org/@zxing/ngx-scanner/-/ngx-scanner-1.7.2.tgz",
      "integrity": "sha512-EtAr0NyoEFhDPM+94D5G3byyV35Di6UMTr+jDBV3Oujrhn+u2m5x5x8duDwEfDBp9MtQ8HQF+UXEBp/lKZWbhA==",
      "dev": true,
      "requires": {
        "@zxing/library": "^0.14.0",
        "tslib": "^1.9.0"
      }
    },
    "text-encoding": {
      "version": "0.7.0",
      "resolved": "https://registry.npmjs.org/text-encoding/-/text-encoding-0.7.0.tgz",
      "integrity": "sha512-oJQ3f1hrOnbRLOcwKz0Liq2IcrvDeZRHXhd9RgLrsT+DjWY/nty1Hi7v3dtkaEYbPYe0mUoOfzRrMwfXXwgPUA==",
      "dev": true,
      "optional": true
    },
    "ts-custom-error": {
      "version": "3.2.0",
      "resolved": "https://registry.npmjs.org/ts-custom-error/-/ts-custom-error-3.2.0.tgz",
      "integrity": "sha512-cBvC2QjtvJ9JfWLvstVnI45Y46Y5dMxIaG1TDMGAD/R87hpvqFL+7LhvUDhnRCfOnx/xitollFWWvUKKKhbN0A==",
      "dev": true
    },
    "tslib": {
      "version": "1.14.1",
      "resolved": "https://registry.npmjs.org/tslib/-/tslib-1.14.1.tgz",
      "integrity": "sha512-Xni35NKzjgMrwevysHTCArtLDpPvye8zV/0E4EyYn43P7/7qvQwPh9BGkHewbMulVntbigmcT7rdX3BNo9wRJg==",
      "dev": true
    }
  }
}
